
Microsoft Visual Studio Solution File, Format Version 12.00
# Visual Studio Version 16
VisualStudioVersion = 16.0.30621.155
MinimumVisualStudioVersion = 10.0.40219.1
Project("{9A19103F-16F7-4668-BE54-9A1E7A4F7556}") = "sendSigfoxDatatoSlack", "sendSigfoxDatatoSlack\sendSigfoxDatatoSlack.csproj", "{8D95D572-66E0-448F-BC90-3CE8544C354A}"
EndProject
Project("{9A19103F-16F7-4668-BE54-9A1E7A4F7556}") = "sendSigfoxDatatoSlack.Tests", "sendSigfoxDatatoSlack.Tests\sendSigfoxDatatoSlack.Tests.csproj", "{D659DB80-B62D-40A8-98EC-4ACF67581F83}"
EndProject
Global
	GlobalSection(SolutionConfigurationPlatforms) = preSolution
		Debug|Any CPU = Debug|Any CPU
		Release|Any CPU = Release|Any CPU
	EndGlobalSection
	GlobalSection(ProjectConfigurationPlatforms) = postSolution
		{8D95D572-66E0-448F-BC90-3CE8544C354A}.Debug|Any CPU.ActiveCfg = Debug|Any CPU
		{8D95D572-66E0-448F-BC90-3CE8544C354A}.Debug|Any CPU.Build.0 = Debug|Any CPU
		{8D95D572-66E0-448F-BC90-3CE8544C354A}.Release|Any CPU.ActiveCfg = Release|Any CPU
		{8D95D572-66E0-448F-BC90-3CE8544C354A}.Release|Any CPU.Build.0 = Release|Any CPU
		{D659DB80-B62D-40A8-98EC-4ACF67581F83}.Debug|Any CPU.ActiveCfg = Debug|Any CPU
		{D659DB80-B62D-40A8-98EC-4ACF67581F83}.Debug|Any CPU.Build.0 = Debug|Any CPU
		{D659DB80-B62D-40A8-98EC-4ACF67581F83}.Release|Any CPU.ActiveCfg = Release|Any CPU
		{D659DB80-B62D-40A8-98EC-4ACF67581F83}.Release|Any CPU.Build.0 = Release|Any CPU
	EndGlobalSection
	GlobalSection(SolutionProperties) = preSolution
		HideSolutionNode = FALSE
	EndGlobalSection
	GlobalSection(ExtensibilityGlobals) = postSolution
		SolutionGuid = {0DFD508D-AE36-4EB8-9C22-3F573CA5785B}
	EndGlobalSection
EndGlobal
